{
    "_meta": {
        "hash": {
            "sha256": "800dc5e768c72e6686869a84c0c1e5c54a23d869be8f495dbe20000d4850a674"
        },
        "pipfile-spec": 6,
        "requires": {
            "python_version": "3.10"
        },
        "sources": [
            {
                "name": "pypi",
                "url": "https://pypi.org/simple",
                "verify_ssl": true
            }
        ]
    },
    "default": {
        "pypdf2": {
            "hashes": [
                "sha256:5802b1f40fa79be1b5ab9edc95a4e7f7e73399589db4f0e66ca831f449e7a2cd",
                "sha256:72212067234907341df620e59d6713ec702fa3300cda4559175a71f6fcd12a83"
            ],
            "index": "pypi",
            "version": "==2.5.0"
        }
    },
    "develop": {}
}
